
Microsoft Visual Studio Solution File, Format Version 12.00
# Visual Studio 15
VisualStudioVersion = 15.0.28307.572
MinimumVisualStudioVersion = 10.0.40219.1
Project("{FAE04EC0-301F-11D3-BF4B-00C04F79EFBC}") = "test0621_gitPractice", "test0621_gitPractice\test0621_gitPractice.csproj", "{126E5244-DE72-4A95-8A6A-8ABFFB8731EB}"
EndProject
Global
	GlobalSection(SolutionConfigurationPlatforms) = preSolution
		Debug|Any CPU = Debug|Any CPU
		Release|Any CPU = Release|Any CPU
	EndGlobalSection
	GlobalSection(ProjectConfigurationPlatforms) = postSolution
		{126E5244-DE72-4A95-8A6A-8ABFFB8731EB}.Debug|Any CPU.ActiveCfg = Debug|Any CPU
		{126E5244-DE72-4A95-8A6A-8ABFFB8731EB}.Debug|Any CPU.Build.0 = Debug|Any CPU
		{126E5244-DE72-4A95-8A6A-8ABFFB8731EB}.Release|Any CPU.ActiveCfg = Release|Any CPU
		{126E5244-DE72-4A95-8A6A-8ABFFB8731EB}.Release|Any CPU.Build.0 = Release|Any CPU
	EndGlobalSection
	GlobalSection(SolutionProperties) = preSolution
		HideSolutionNode = FALSE
	EndGlobalSection
	GlobalSection(ExtensibilityGlobals) = postSolution
		SolutionGuid = {2628F55C-2EA4-487E-AE62-A44D72C1C3FF}
	EndGlobalSection
EndGlobal
